// !$*UTF8*$!
{
	archiveVersion = 1;
	classes = {
	};
	objectVersion = 48;
	objects = {

/* Begin PBXBuildFile section */
		28C1CEF71F79000B005268F0 /* AppDelegate.m in Sources */ = {isa = PBXBuildFile; fileRef = 28C1CEF61F79000B005268F0 /* AppDelegate.m */; };
		28C1CEFA1F79000B005268F0 /* ViewController.m in Sources */ = {isa = PBXBuildFile; fileRef = 28C1CEF91F79000B005268F0 /* ViewController.m */; };
		28C1CEFD1F79000B005268F0 /* Main.storyboard in Resources */ = {isa = PBXBuildFile; fileRef = 28C1CEFB1F79000B005268F0 /* Main.storyboard */; };
		28C1CF001F79000B005268F0 /* Safe_AreaBUG.xcdatamodeld in Sources */ = {isa = PBXBuildFile; fileRef = 28C1CEFE1F79000B005268F0 /* Safe_AreaBUG.xcdatamodeld */; };
		28C1CF021F79000B005268F0 /* Assets.xcassets in Resources */ = {isa = PBXBuildFile; fileRef = 28C1CF011F79000B005268F0 /* Assets.xcassets */; };
		28C1CF051F79000B005268F0 /* LaunchScreen.storyboard in Resources */ = {isa = PBXBuildFile; fileRef = 28C1CF031F79000B005268F0 /* LaunchScreen.storyboard */; };
		28C1CF081F79000B005268F0 /* main.m in Sources */ = {isa = PBXBuildFile; fileRef = 28C1CF071F79000B005268F0 /* main.m */; };
		28C1CF121F79000B005268F0 /* Safe_AreaBUGTests.m in Sources */ = {isa = PBXBuildFile; fileRef = 28C1CF111F79000B005268F0 /* Safe_AreaBUGTests.m */; };
		28C1CF1D1F79000B005268F0 /* Safe_AreaBUGUITests.m in Sources */ = {isa = PBXBuildFile; fileRef = 28C1CF1C1F79000B005268F0 /* Safe_AreaBUGUITests.m */; };
		28C1CF2D1F7900F6005268F0 /* SecondViewController.m in Sources */ = {isa = PBXBuildFile; fileRef = 28C1CF2B1F7900F6005268F0 /* SecondViewController.m */; };
		28C1CF2E1F7900F6005268F0 /* SecondViewController.xib in Resources */ = {isa = PBXBuildFile; fileRef = 28C1CF2C1F7900F6005268F0 /* SecondViewController.xib */; };
		28C1CF321F790120005268F0 /* ThirdViewController.m in Sources */ = {isa = PBXBuildFile; fileRef = 28C1CF301F790120005268F0 /* ThirdViewController.m */; };
		28C1CF331F790120005268F0 /* ThirdViewController.xib in Resources */ = {isa = PBXBuildFile; fileRef = 28C1CF311F790120005268F0 /* ThirdViewController.xib */; };
/* End PBXBuildFile section */

/* Begin PBXContainerItemProxy section */
		28C1CF0E1F79000B005268F0 /* PBXContainerItemProxy */ = {
			isa = PBXContainerItemProxy;
			containerPortal = 28C1CEEA1F79000B005268F0 /* Project object */;
			proxyType = 1;
			remoteGlobalIDString = 28C1CEF11F79000B005268F0;
			remoteInfo = Safe_AreaBUG;
		};
		28C1CF191F79000B005268F0 /* PBXContainerItemProxy */ = {
			isa = PBXContainerItemProxy;
			containerPortal = 28C1CEEA1F79000B005268F0 /* Project object */;
			proxyType = 1;
			remoteGlobalIDString = 28C1CEF11F79000B005268F0;
			remoteInfo = Safe_AreaBUG;
		};
/* End PBXContainerItemProxy section */

/* Begin PBXFileReference section */
		28C1CEF21F79000B005268F0 /* Safe_AreaBUG.app */ = {isa = PBXFileReference; explicitFileType = wrapper.application; includeInIndex = 0; path = Safe_AreaBUG.app; sourceTree = BUILT_PRODUCTS_DIR; };
		28C1CEF51F79000B005268F0 /* AppDelegate.h */ = {isa = PBXFileReference; lastKnownFileType = sourcecode.c.h; path = AppDelegate.h; sourceTree = "<group>"; };
		28C1CEF61F79000B005268F0 /* AppDelegate.m */ = {isa = PBXFileReference; lastKnownFileType = sourcecode.c.objc; path = AppDelegate.m; sourceTree = "<group>"; };
		28C1CEF81F79000B005268F0 /* ViewController.h */ = {isa = PBXFileReference; lastKnownFileType = sourcecode.c.h; path = ViewController.h; sourceTree = "<group>"; };
		28C1CEF91F79000B005268F0 /* ViewController.m */ = {isa = PBXFileReference; lastKnownFileType = sourcecode.c.objc; path = ViewController.m; sourceTree = "<group>"; };
		28C1CEFC1F79000B005268F0 /* Base */ = {isa = PBXFileReference; lastKnownFileType = file.storyboard; name = Base; path = Base.lproj/Main.storyboard; sourceTree = "<group>"; };
		28C1CEFF1F79000B005268F0 /* Safe_AreaBUG.xcdatamodel */ = {isa = PBXFileReference; lastKnownFileType = wrapper.xcdatamodel; path = Safe_AreaBUG.xcdatamodel; sourceTree = "<group>"; };
		28C1CF011F79000B005268F0 /* Assets.xcassets */ = {isa = PBXFileReference; lastKnownFileType = folder.assetcatalog; path = Assets.xcassets; sourceTree = "<group>"; };
		28C1CF041F79000B005268F0 /* Base */ = {isa = PBXFileReference; lastKnownFileType = file.storyboard; name = Base; path = Base.lproj/LaunchScreen.storyboard; sourceTree = "<group>"; };
		28C1CF061F79000B005268F0 /* Info.plist */ = {isa = PBXFileReference; lastKnownFileType = text.plist.xml; path = Info.plist; sourceTree = "<group>"; };
		28C1CF071F79000B005268F0 /* main.m */ = {isa = PBXFileReference; lastKnownFileType = sourcecode.c.objc; path = main.m; sourceTree = "<group>"; };
		28C1CF0D1F79000B005268F0 /* Safe_AreaBUGTests.xctest */ = {isa = PBXFileReference; explicitFileType = wrapper.cfbundle; includeInIndex = 0; path = Safe_AreaBUGTests.xctest; sourceTree = BUILT_PRODUCTS_DIR; };
		28C1CF111F79000B005268F0 /* Safe_AreaBUGTests.m */ = {isa = PBXFileReference; lastKnownFileType = sourcecode.c.objc; path = Safe_AreaBUGTests.m; sourceTree = "<group>"; };
		28C1CF131F79000B005268F0 /* Info.plist */ = {isa = PBXFileReference; lastKnownFileType = text.plist.xml; path = Info.plist; sourceTree = "<group>"; };
		28C1CF181F79000B005268F0 /* Safe_AreaBUGUITests.xctest */ = {isa = PBXFileReference; explicitFileType = wrapper.cfbundle; includeInIndex = 0; path = Safe_AreaBUGUITests.xctest; sourceTree = BUILT_PRODUCTS_DIR; };
		28C1CF1C1F79000B005268F0 /* Safe_AreaBUGUITests.m */ = {isa = PBXFileReference; lastKnownFileType = sourcecode.c.objc; path = Safe_AreaBUGUITests.m; sourceTree = "<group>"; };
		28C1CF1E1F79000B005268F0 /* Info.plist */ = {isa = PBXFileReference; lastKnownFileType = text.plist.xml; path = Info.plist; sourceTree = "<group>"; };
		28C1CF2A1F7900F6005268F0 /* SecondViewController.h */ = {isa = PBXFileReference; lastKnownFileType = sourcecode.c.h; path = SecondViewController.h; sourceTree = "<group>"; };
		28C1CF2B1F7900F6005268F0 /* SecondViewController.m */ = {isa = PBXFileReference; lastKnownFileType = sourcecode.c.objc; path = SecondViewController.m; sourceTree = "<group>"; };
		28C1CF2C1F7900F6005268F0 /* SecondViewController.xib */ = {isa = PBXFileReference; lastKnownFileType = file.xib; path = SecondViewController.xib; sourceTree = "<group>"; };
		28C1CF2F1F79011F005268F0 /* ThirdViewController.h */ = {isa = PBXFileReference; lastKnownFileType = sourcecode.c.h; path = ThirdViewController.h; sourceTree = "<group>"; };
		28C1CF301F790120005268F0 /* ThirdViewController.m */ = {isa = PBXFileReference; lastKnownFileType = sourcecode.c.objc; path = ThirdViewController.m; sourceTree = "<group>"; };
		28C1CF311F790120005268F0 /* ThirdViewController.xib */ = {isa = PBXFileReference; lastKnownFileType = file.xib; path = ThirdViewController.xib; sourceTree = "<group>"; };
/* End PBXFileReference section */

/* Begin PBXFrameworksBuildPhase section */
		28C1CEEF1F79000B005268F0 /* Frameworks */ = {
			isa = PBXFrameworksBuildPhase;
			buildActionMask = 2147483647;
			files = (
			);
			runOnlyForDeploymentPostprocessing = 0;
		};
		28C1CF0A1F79000B005268F0 /* Frameworks */ = {
			isa = PBXFrameworksBuildPhase;
			buildActionMask = 2147483647;
			files = (
			);
			runOnlyForDeploymentPostprocessing = 0;
		};
		28C1CF151F79000B005268F0 /* Frameworks */ = {
			isa = PBXFrameworksBuildPhase;
			buildActionMask = 2147483647;
			files = (
			);
			runOnlyForDeploymentPostprocessing = 0;
		};
/* End PBXFrameworksBuildPhase section */

/* Begin PBXGroup section */
		28C1CEE91F79000B005268F0 = {
			isa = PBXGroup;
			children = (
				28C1CEF41F79000B005268F0 /* Safe_AreaBUG */,
				28C1CF101F79000B005268F0 /* Safe_AreaBUGTests */,
				28C1CF1B1F79000B005268F0 /* Safe_AreaBUGUITests */,
				28C1CEF31F79000B005268F0 /* Products */,
			);
			sourceTree = "<group>";
		};
		28C1CEF31F79000B005268F0 /* Products */ = {
			isa = PBXGroup;
			children = (
				28C1CEF21F79000B005268F0 /* Safe_AreaBUG.app */,
				28C1CF0D1F79000B005268F0 /* Safe_AreaBUGTests.xctest */,
				28C1CF181F79000B005268F0 /* Safe_AreaBUGUITests.xctest */,
			);
			name = Products;
			sourceTree = "<group>";
		};
		28C1CEF41F79000B005268F0 /* Safe_AreaBUG */ = {
			isa = PBXGroup;
			children = (
				28C1CEF51F79000B005268F0 /* AppDelegate.h */,
				28C1CEF61F79000B005268F0 /* AppDelegate.m */,
				28C1CEF81F79000B005268F0 /* ViewController.h */,
				28C1CEF91F79000B005268F0 /* ViewController.m */,
				28C1CF2A1F7900F6005268F0 /* SecondViewController.h */,
				28C1CF2B1F7900F6005268F0 /* SecondViewController.m */,
				28C1CF2C1F7900F6005268F0 /* SecondViewController.xib */,
				28C1CF2F1F79011F005268F0 /* ThirdViewController.h */,
				28C1CF301F790120005268F0 /* ThirdViewController.m */,
				28C1CF311F790120005268F0 /* ThirdViewController.xib */,
				28C1CEFB1F79000B005268F0 /* Main.storyboard */,
				28C1CF011F79000B005268F0 /* Assets.xcassets */,
				28C1CF031F79000B005268F0 /* LaunchScreen.storyboard */,
				28C1CF061F79000B005268F0 /* Info.plist */,
				28C1CF071F79000B005268F0 /* main.m */,
				28C1CEFE1F79000B005268F0 /* Safe_AreaBUG.xcdatamodeld */,
			);
			path = Safe_AreaBUG;
			sourceTree = "<group>";
		};
		28C1CF101F79000B005268F0 /* Safe_AreaBUGTests */ = {
			isa = PBXGroup;
			children = (
				28C1CF111F79000B005268F0 /* Safe_AreaBUGTests.m */,
				28C1CF131F79000B005268F0 /* Info.plist */,
			);
			path = Safe_AreaBUGTests;
			sourceTree = "<group>";
		};
		28C1CF1B1F79000B005268F0 /* Safe_AreaBUGUITests */ = {
			isa = PBXGroup;
			children = (
				28C1CF1C1F79000B005268F0 /* Safe_AreaBUGUITests.m */,
				28C1CF1E1F79000B005268F0 /* Info.plist */,
			);
			path = Safe_AreaBUGUITests;
			sourceTree = "<group>";
		};
/* End PBXGroup section */

/* Begin PBXNativeTarget section */
		28C1CEF11F79000B005268F0 /* Safe_AreaBUG */ = {
			isa = PBXNativeTarget;
			buildConfigurationList = 28C1CF211F79000B005268F0 /* Build configuration list for PBXNativeTarget "Safe_AreaBUG" */;
			buildPhases = (
				28C1CEEE1F79000B005268F0 /* Sources */,
				28C1CEEF1F79000B005268F0 /* Frameworks */,
				28C1CEF01F79000B005268F0 /* Resources */,
			);
			buildRules = (
			);
			dependencies = (
			);
			name = Safe_AreaBUG;
			productName = Safe_AreaBUG;
			productReference = 28C1CEF21F79000B005268F0 /* Safe_AreaBUG.app */;
			productType = "com.apple.product-type.application";
		};
		28C1CF0C1F79000B005268F0 /* Safe_AreaBUGTests */ = {
			isa = PBXNativeTarget;
			buildConfigurationList = 28C1CF241F79000B005268F0 /* Build configuration list for PBXNativeTarget "Safe_AreaBUGTests" */;
			buildPhases = (
				28C1CF091F79000B005268F0 /* Sources */,
				28C1CF0A1F79000B005268F0 /* Frameworks */,
				28C1CF0B1F79000B005268F0 /* Resources */,
			);
			buildRules = (
			);
			dependencies = (
				28C1CF0F1F79000B005268F0 /* PBXTargetDependency */,
			);
			name = Safe_AreaBUGTests;
			productName = Safe_AreaBUGTests;
			productReference = 28C1CF0D1F79000B005268F0 /* Safe_AreaBUGTests.xctest */;
			productType = "com.apple.product-type.bundle.unit-test";
		};
		28C1CF171F79000B005268F0 /* Safe_AreaBUGUITests */ = {
			isa = PBXNativeTarget;
			buildConfigurationList = 28C1CF271F79000B005268F0 /* Build configuration list for PBXNativeTarget "Safe_AreaBUGUITests" */;
			buildPhases = (
				28C1CF141F79000B005268F0 /* Sources */,
				28C1CF151F79000B005268F0 /* Frameworks */,
				28C1CF161F79000B005268F0 /* Resources */,
			);
			buildRules = (
			);
			dependencies = (
				28C1CF1A1F79000B005268F0 /* PBXTargetDependency */,
			);
			name = Safe_AreaBUGUITests;
			productName = Safe_AreaBUGUITests;
			productReference = 28C1CF181F79000B005268F0 /* Safe_AreaBUGUITests.xctest */;
			productType = "com.apple.product-type.bundle.ui-testing";
		};
/* End PBXNativeTarget section */

/* Begin PBXProject section */
		28C1CEEA1F79000B005268F0 /* Project object */ = {
			isa = PBXProject;
			attributes = {
				LastUpgradeCheck = 0900;
				ORGANIZATIONNAME = "常超群";
				TargetAttributes = {
					28C1CEF11F79000B005268F0 = {
						CreatedOnToolsVersion = 9.0;
						ProvisioningStyle = Automatic;
					};
					28C1CF0C1F79000B005268F0 = {
						CreatedOnToolsVersion = 9.0;
						ProvisioningStyle = Automatic;
						TestTargetID = 28C1CEF11F79000B005268F0;
					};
					28C1CF171F79000B005268F0 = {
						CreatedOnToolsVersion = 9.0;
						ProvisioningStyle = Automatic;
						TestTargetID = 28C1CEF11F79000B005268F0;
					};
				};
			};
			buildConfigurationList = 28C1CEED1F79000B005268F0 /* Build configuration list for PBXProject "Safe_AreaBUG" */;
			compatibilityVersion = "Xcode 8.0";
			developmentRegion = en;
			hasScannedForEncodings = 0;
			knownRegions = (
				en,
				Base,
			);
			mainGroup = 28C1CEE91F79000B005268F0;
			productRefGroup = 28C1CEF31F79000B005268F0 /* Products */;
			projectDirPath = "";
			projectRoot = "";
			targets = (
				28C1CEF11F79000B005268F0 /* Safe_AreaBUG */,
				28C1CF0C1F79000B005268F0 /* Safe_AreaBUGTests */,
				28C1CF171F79000B005268F0 /* Safe_AreaBUGUITests */,
			);
		};
/* End PBXProject section */

/* Begin PBXResourcesBuildPhase section */
		28C1CEF01F79000B005268F0 /* Resources */ = {
			isa = PBXResourcesBuildPhase;
			buildActionMask = 2147483647;
			files = (
				28C1CF2E1F7900F6005268F0 /* SecondViewController.xib in Resources */,
				28C1CF051F79000B005268F0 /* LaunchScreen.storyboard in Resources */,
				28C1CF021F79000B005268F0 /* Assets.xcassets in Resources */,
				28C1CF331F790120005268F0 /* ThirdViewController.xib in Resources */,
				28C1CEFD1F79000B005268F0 /* Main.storyboard in Resources */,
			);
			runOnlyForDeploymentPostprocessing = 0;
		};
		28C1CF0B1F79000B005268F0 /* Resources */ = {
			isa = PBXResourcesBuildPhase;
			buildActionMask = 2147483647;
			files = (
			);
			runOnlyForDeploymentPostprocessing = 0;
		};
		28C1CF161F79000B005268F0 /* Resources */ = {
			isa = PBXResourcesBuildPhase;
			buildActionMask = 2147483647;
			files = (
			);
			runOnlyForDeploymentPostprocessing = 0;
		};
/* End PBXResourcesBuildPhase section */

/* Begin PBXSourcesBuildPhase section */
		28C1CEEE1F79000B005268F0 /* Sources */ = {
			isa = PBXSourcesBuildPhase;
			buildActionMask = 2147483647;
			files = (
				28C1CF2D1F7900F6005268F0 /* SecondViewController.m in Sources */,
				28C1CEFA1F79000B005268F0 /* ViewController.m in Sources */,
				28C1CF321F790120005268F0 /* ThirdViewController.m in Sources */,
				28C1CEF71F79000B005268F0 /* AppDelegate.m in Sources */,
				28C1CF081F79000B005268F0 /* main.m in Sources */,
				28C1CF001F79000B005268F0 /* Safe_AreaBUG.xcdatamodeld in Sources */,
			);
			runOnlyForDeploymentPostprocessing = 0;
		};
		28C1CF091F79000B005268F0 /* Sources */ = {
			isa = PBXSourcesBuildPhase;
			buildActionMask = 2147483647;
			files = (
				28C1CF121F79000B005268F0 /* Safe_AreaBUGTests.m in Sources */,
			);
			runOnlyForDeploymentPostprocessing = 0;
		};
		28C1CF141F79000B005268F0 /* Sources */ = {
			isa = PBXSourcesBuildPhase;
			buildActionMask = 2147483647;
			files = (
				28C1CF1D1F79000B005268F0 /* Safe_AreaBUGUITests.m in Sources */,
			);
			runOnlyForDeploymentPostprocessing = 0;
		};
/* End PBXSourcesBuildPhase section */

/* Begin PBXTargetDependency section */
		28C1CF0F1F79000B005268F0 /* PBXTargetDependency */ = {
			isa = PBXTargetDependency;
			target = 28C1CEF11F79000B005268F0 /* Safe_AreaBUG */;
			targetProxy = 28C1CF0E1F79000B005268F0 /* PBXContainerItemProxy */;
		};
		28C1CF1A1F79000B005268F0 /* PBXTargetDependency */ = {
			isa = PBXTargetDependency;
			target = 28C1CEF11F79000B005268F0 /* Safe_AreaBUG */;
			targetProxy = 28C1CF191F79000B005268F0 /* PBXContainerItemProxy */;
		};
/* End PBXTargetDependency section */

/* Begin PBXVariantGroup section */
		28C1CEFB1F79000B005268F0 /* Main.storyboard */ = {
			isa = PBXVariantGroup;
			children = (
				28C1CEFC1F79000B005268F0 /* Base */,
			);
			name = Main.storyboard;
			sourceTree = "<group>";
		};
		28C1CF031F79000B005268F0 /* LaunchScreen.storyboard */ = {
			isa = PBXVariantGroup;
			children = (
				28C1CF041F79000B005268F0 /* Base */,
			);
			name = LaunchScreen.storyboard;
			sourceTree = "<group>";
		};
/* End PBXVariantGroup section */

/* Begin XCBuildConfiguration section */
		28C1CF1F1F79000B005268F0 /* Debug */ = {
			isa = XCBuildConfiguration;
			buildSettings = {
				ALWAYS_SEARCH_USER_PATHS = NO;
				CLANG_ANALYZER_NONNULL = YES;
				CLANG_ANALYZER_NUMBER_OBJECT_CONVERSION = YES_AGGRESSIVE;
				CLANG_CXX_LANGUAGE_STANDARD = "gnu++14";
				CLANG_CXX_LIBRARY = "libc++";
				CLANG_ENABLE_MODULES = YES;
				CLANG_ENABLE_OBJC_ARC = YES;
				CLANG_WARN_BLOCK_CAPTURE_AUTORELEASING = YES;
				CLANG_WARN_BOOL_CONVERSION = YES;
				CLANG_WARN_COMMA = YES;
				CLANG_WARN_CONSTANT_CONVERSION = YES;
				CLANG_WARN_DIRECT_OBJC_ISA_USAGE = YES_ERROR;
				CLANG_WARN_DOCUMENTATION_COMMENTS = YES;
				CLANG_WARN_EMPTY_BODY = YES;
				CLANG_WARN_ENUM_CONVERSION = YES;
				CLANG_WARN_INFINITE_RECURSION = YES;
				CLANG_WARN_INT_CONVERSION = YES;
				CLANG_WARN_NON_LITERAL_NULL_CONVERSION = YES;
				CLANG_WARN_OBJC_LITERAL_CONVERSION = YES;
				CLANG_WARN_OBJC_ROOT_CLASS = YES_ERROR;
				CLANG_WARN_RANGE_LOOP_ANALYSIS = YES;
				CLANG_WARN_STRICT_PROTOTYPES = YES;
				CLANG_WARN_SUSPICIOUS_MOVE = YES;
				CLANG_WARN_UNGUARDED_AVAILABILITY = YES_AGGRESSIVE;
				CLANG_WARN_UNREACHABLE_CODE = YES;
				CLANG_WARN__DUPLICATE_METHOD_MATCH = YES;
				CODE_SIGN_IDENTITY = "iPhone Developer";
				COPY_PHASE_STRIP = NO;
				DEBUG_INFORMATION_FORMAT = dwarf;
				ENABLE_STRICT_OBJC_MSGSEND = YES;
				ENABLE_TESTABILITY = YES;
				GCC_C_LANGUAGE_STANDARD = gnu11;
				GCC_DYNAMIC_NO_PIC = NO;
				GCC_NO_COMMON_BLOCKS = YES;
				GCC_OPTIMIZATION_LEVEL = 0;
				GCC_PREPROCESSOR_DEFINITIONS = (
					"DEBUG=1",
					"$(inherited)",
				);
				GCC_WARN_64_TO_32_BIT_CONVERSION = YES;
				GCC_WARN_ABOUT_RETURN_TYPE = YES_ERROR;
				GCC_WARN_UNDECLARED_SELECTOR = YES;
				GCC_WARN_UNINITIALIZED_AUTOS = YES_AGGRESSIVE;
				GCC_WARN_UNUSED_FUNCTION = YES;
				GCC_WARN_UNUSED_VARIABLE = YES;
				IPHONEOS_DEPLOYMENT_TARGET = 11.0;
				MTL_ENABLE_DEBUG_INFO = YES;
				ONLY_ACTIVE_ARCH = YES;
				SDKROOT = iphoneos;
			};
			name = Debug;
		};
		28C1CF201F79000B005268F0 /* Release */ = {
			isa = XCBuildConfiguration;
			buildSettings = {
				ALWAYS_SEARCH_USER_PATHS = NO;
				CLANG_ANALYZER_NONNULL = YES;
				CLANG_ANALYZER_NUMBER_OBJECT_CONVERSION = YES_AGGRESSIVE;
				CLANG_CXX_LANGUAGE_STANDARD = "gnu++14";
				CLANG_CXX_LIBRARY = "libc++";
				CLANG_ENABLE_MODULES = YES;
				CLANG_ENABLE_OBJC_ARC = YES;
				CLANG_WARN_BLOCK_CAPTURE_AUTORELEASING = YES;
				CLANG_WARN_BOOL_CONVERSION = YES;
				CLANG_WARN_COMMA = YES;
				CLANG_WARN_CONSTANT_CONVERSION = YES;
				CLANG_WARN_DIRECT_OBJC_ISA_USAGE = YES_ERROR;
				CLANG_WARN_DOCUMENTATION_COMMENTS = YES;
				CLANG_WARN_EMPTY_BODY = YES;
				CLANG_WARN_ENUM_CONVERSION = YES;
				CLANG_WARN_INFINITE_RECURSION = YES;
				CLANG_WARN_INT_CONVERSION = YES;
				CLANG_WARN_NON_LITERAL_NULL_CONVERSION = YES;
				CLANG_WARN_OBJC_LITERAL_CONVERSION = YES;
				CLANG_WARN_OBJC_ROOT_CLASS = YES_ERROR;
				CLANG_WARN_RANGE_LOOP_ANALYSIS = YES;
				CLANG_WARN_STRICT_PROTOTYPES = YES;
				CLANG_WARN_SUSPICIOUS_MOVE = YES;
				CLANG_WARN_UNGUARDED_AVAILABILITY = YES_AGGRESSIVE;
				CLANG_WARN_UNREACHABLE_CODE = YES;
				CLANG_WARN__DUPLICATE_METHOD_MATCH = YES;
				CODE_SIGN_IDENTITY = "iPhone Developer";
				COPY_PHASE_STRIP = NO;
				DEBUG_INFORMATION_FORMAT = "dwarf-with-dsym";
				ENABLE_NS_ASSERTIONS = NO;
				ENABLE_STRICT_OBJC_MSGSEND = YES;
				GCC_C_LANGUAGE_STANDARD = gnu11;
				GCC_NO_COMMON_BLOCKS = YES;
				GCC_WARN_64_TO_32_BIT_CONVERSION = YES;
				GCC_WARN_ABOUT_RETURN_TYPE = YES_ERROR;
				GCC_WARN_UNDECLARED_SELECTOR = YES;
				GCC_WARN_UNINITIALIZED_AUTOS = YES_AGGRESSIVE;
				GCC_WARN_UNUSED_FUNCTION = YES;
				GCC_WARN_UNUSED_VARIABLE = YES;
				IPHONEOS_DEPLOYMENT_TARGET = 11.0;
				MTL_ENABLE_DEBUG_INFO = NO;
				SDKROOT = iphoneos;
				VALIDATE_PRODUCT = YES;
			};
			name = Release;
		};
		28C1CF221F79000B005268F0 /* Debug */ = {
			isa = XCBuildConfiguration;
			buildSettings = {
				ASSETCATALOG_COMPILER_APPICON_NAME = AppIcon;
				CODE_SIGN_STYLE = Automatic;
				INFOPLIST_FILE = Safe_AreaBUG/Info.plist;
				IPHONEOS_DEPLOYMENT_TARGET = 9.0;
				LD_RUNPATH_SEARCH_PATHS = "$(inherited) @executable_path/Frameworks";
				PRODUCT_BUNDLE_IDENTIFIER = "ChaoQunChang.Safe-AreaBUG";
				PRODUCT_NAME = "$(TARGET_NAME)";
				TARGETED_DEVICE_FAMILY = "1,2";
			};
			name = Debug;
		};
		28C1CF231F79000B005268F0 /* Release */ = {
			isa = XCBuildConfiguration;
			buildSettings = {
				ASSETCATALOG_COMPILER_APPICON_NAME = AppIcon;
				CODE_SIGN_STYLE = Automatic;
				INFOPLIST_FILE = Safe_AreaBUG/Info.plist;
				IPHONEOS_DEPLOYMENT_TARGET = 9.0;
				LD_RUNPATH_SEARCH_PATHS = "$(inherited) @executable_path/Frameworks";
				PRODUCT_BUNDLE_IDENTIFIER = "ChaoQunChang.Safe-AreaBUG";
				PRODUCT_NAME = "$(TARGET_NAME)";
				TARGETED_DEVICE_FAMILY = "1,2";
			};
			name = Release;
		};
		28C1CF251F79000B005268F0 /* Debug */ = {
			isa = XCBuildConfiguration;
			buildSettings = {
				BUNDLE_LOADER = "$(TEST_HOST)";
				CODE_SIGN_STYLE = Automatic;
				INFOPLIST_FILE = Safe_AreaBUGTests/Info.plist;
				LD_RUNPATH_SEARCH_PATHS = "$(inherited) @executable_path/Frameworks @loader_path/Frameworks";
				PRODUCT_BUNDLE_IDENTIFIER = "ChaoQunChang.Safe-AreaBUGTests";
				PRODUCT_NAME = "$(TARGET_NAME)";
				TARGETED_DEVICE_FAMILY = "1,2";
				TEST_HOST = "$(BUILT_PRODUCTS_DIR)/Safe_AreaBUG.app/Safe_AreaBUG";
			};
			name = Debug;
		};
		28C1CF261F79000B005268F0 /* Release */ = {
			isa = XCBuildConfiguration;
			buildSettings = {
				BUNDLE_LOADER = "$(TEST_HOST)";
				CODE_SIGN_STYLE = Automatic;
				INFOPLIST_FILE = Safe_AreaBUGTests/Info.plist;
				LD_RUNPATH_SEARCH_PATHS = "$(inherited) @executable_path/Frameworks @loader_path/Frameworks";
				PRODUCT_BUNDLE_IDENTIFIER = "ChaoQunChang.Safe-AreaBUGTests";
				PRODUCT_NAME = "$(TARGET_NAME)";
				TARGETED_DEVICE_FAMILY = "1,2";
				TEST_HOST = "$(BUILT_PRODUCTS_DIR)/Safe_AreaBUG.app/Safe_AreaBUG";
			};
			name = Release;
		};
		28C1CF281F79000B005268F0 /* Debug */ = {
			isa = XCBuildConfiguration;
			buildSettings = {
				CODE_SIGN_STYLE = Automatic;
				INFOPLIST_FILE = Safe_AreaBUGUITests/Info.plist;
				LD_RUNPATH_SEARCH_PATHS = "$(inherited) @executable_path/Frameworks @loader_path/Frameworks";
				PRODUCT_BUNDLE_IDENTIFIER = "ChaoQunChang.Safe-AreaBUGUITests";
				PRODUCT_NAME = "$(TARGET_NAME)";
				TARGETED_DEVICE_FAMILY = "1,2";
				TEST_TARGET_NAME = Safe_AreaBUG;
			};
			name = Debug;
		};
		28C1CF291F79000B005268F0 /* Release */ = {
			isa = XCBuildConfiguration;
			buildSettings = {
				CODE_SIGN_STYLE = Automatic;
				INFOPLIST_FILE = Safe_AreaBUGUITests/Info.plist;
				LD_RUNPATH_SEARCH_PATHS = "$(inherited) @executable_path/Frameworks @loader_path/Frameworks";
				PRODUCT_BUNDLE_IDENTIFIER = "ChaoQunChang.Safe-AreaBUGUITests";
				PRODUCT_NAME = "$(TARGET_NAME)";
				TARGETED_DEVICE_FAMILY = "1,2";
				TEST_TARGET_NAME = Safe_AreaBUG;
			};
			name = Release;
		};
/* End XCBuildConfiguration section */

/* Begin XCConfigurationList section */
		28C1CEED1F79000B005268F0 /* Build configuration list for PBXProject "Safe_AreaBUG" */ = {
			isa = XCConfigurationList;
			buildConfigurations = (
				28C1CF1F1F79000B005268F0 /* Debug */,
				28C1CF201F79000B005268F0 /* Release */,
			);
			defaultConfigurationIsVisible = 0;
			defaultConfigurationName = Release;
		};
		28C1CF211F79000B005268F0 /* Build configuration list for PBXNativeTarget "Safe_AreaBUG" */ = {
			isa = XCConfigurationList;
			buildConfigurations = (
				28C1CF221F79000B005268F0 /* Debug */,
				28C1CF231F79000B005268F0 /* Release */,
			);
			defaultConfigurationIsVisible = 0;
			defaultConfigurationName = Release;
		};
		28C1CF241F79000B005268F0 /* Build configuration list for PBXNativeTarget "Safe_AreaBUGTests" */ = {
			isa = XCConfigurationList;
			buildConfigurations = (
				28C1CF251F79000B005268F0 /* Debug */,
				28C1CF261F79000B005268F0 /* Release */,
			);
			defaultConfigurationIsVisible = 0;
			defaultConfigurationName = Release;
		};
		28C1CF271F79000B005268F0 /* Build configuration list for PBXNativeTarget "Safe_AreaBUGUITests" */ = {
			isa = XCConfigurationList;
			buildConfigurations = (
				28C1CF281F79000B005268F0 /* Debug */,
				28C1CF291F79000B005268F0 /* Release */,
			);
			defaultConfigurationIsVisible = 0;
			defaultConfigurationName = Release;
		};
/* End XCConfigurationList section */

/* Begin XCVersionGroup section */
		28C1CEFE1F79000B005268F0 /* Safe_AreaBUG.xcdatamodeld */ = {
			isa = XCVersionGroup;
			children = (
				28C1CEFF1F79000B005268F0 /* Safe_AreaBUG.xcdatamodel */,
			);
			currentVersion = 28C1CEFF1F79000B005268F0 /* Safe_AreaBUG.xcdatamodel */;
			path = Safe_AreaBUG.xcdatamodeld;
			sourceTree = "<group>";
			versionGroupType = wrapper.xcdatamodel;
		};
/* End XCVersionGroup section */
	};
	rootObject = 28C1CEEA1F79000B005268F0 /* Project object */;
}
